
Microsoft Visual Studio Solution File, Format Version 12.00
# Visual Studio Version 16
VisualStudioVersion = 16.0.28922.388
MinimumVisualStudioVersion = 10.0.40219.1
Project("{FAE04EC0-301F-11D3-BF4B-00C04F79EFBC}") = "WpfLazyLoadImages", "WpfLazyLoadImages.csproj", "{63C3AA38-9A11-4595-886F-C5F5C5FC2A2D}"
EndProject
Global
	GlobalSection(SolutionConfigurationPlatforms) = preSolution
		Debug|Any CPU = Debug|Any CPU
		Release|Any CPU = Release|Any CPU
	EndGlobalSection
	GlobalSection(ProjectConfigurationPlatforms) = postSolution
		{63C3AA38-9A11-4595-886F-C5F5C5FC2A2D}.Debug|Any CPU.ActiveCfg = Debug|Any CPU
		{63C3AA38-9A11-4595-886F-C5F5C5FC2A2D}.Debug|Any CPU.Build.0 = Debug|Any CPU
		{63C3AA38-9A11-4595-886F-C5F5C5FC2A2D}.Release|Any CPU.ActiveCfg = Release|Any CPU
		{63C3AA38-9A11-4595-886F-C5F5C5FC2A2D}.Release|Any CPU.Build.0 = Release|Any CPU
	EndGlobalSection
	GlobalSection(SolutionProperties) = preSolution
		HideSolutionNode = FALSE
	EndGlobalSection
	GlobalSection(ExtensibilityGlobals) = postSolution
		SolutionGuid = {F67F60B0-5449-4E8D-9D08-F853CE561443}
	EndGlobalSection
EndGlobal
